<?xml version="1.0" encoding="UTF-8"?>
<CONFIG>
  <ProjectOptions>
    <Version Value="11"/>
    <PathDelim Value="\"/>
    <General>
      <SessionStorage Value="InProjectDir"/>
      <MainUnit Value="0"/>
      <Title Value="flaz_r"/>
      <Scaled Value="True"/>
      <ResourceType Value="res"/>
      <UseXPManifest Value="True"/>
      <XPManifest>
        <DpiAware Value="True"/>
        <TextName Value="UDP.avk013.flaz"/>
        <TextDesc Value="specialized_ftp_client_in(out)"/>
      </XPManifest>
      <Icon Value="0"/>
      <Resources Count="1">
        <Resource_0 FileName="7z.exe" Type="RCDATA" ResourceName="7Z"/>
      </Resources>
    </General>
    <VersionInfo>
      <UseVersionInfo Value="True"/>
      <RevisionNr Value="1"/>
      <BuildNr Value="1"/>
      <Attributes pvaPreRelease="True"/>
    </VersionInfo>
    <BuildModes Count="1">
      <Item1 Name="Default" Default="True"/>
    </BuildModes>
    <PublishOptions>
      <Version Value="2"/>
      <DestinationDirectory Value="Y:\!repositories\ftp_flaz\flaz_r1"/>
      <CompressFinally Value="False"/>
      <OpenInFileMan Value="True"/>
      <UseFileFilters Value="True"/>
      <FileFilter Value="*.(pas|pp|inc|lpr|lfm|lrs|lpi|lpk|xml|sh|ico|txt)"/>
    </PublishOptions>
    <RunParams>
      <FormatVersion Value="2"/>
      <Modes Count="0"/>
    </RunParams>
    <RequiredPackages Count="3">
      <Item1>
        <PackageName Value="laz_synapse"/>
      </Item1>
      <Item2>
        <PackageName Value="TurboPowerIPro"/>
      </Item2>
      <Item3>
        <PackageName Value="LCL"/>
      </Item3>
    </RequiredPackages>
    <Units Count="3">
      <Unit0>
        <Filename Value="flaz_r.lpr"/>
        <IsPartOfProject Value="True"/>
      </Unit0>
      <Unit1>
        <Filename Value="unit1.pas"/>
        <IsPartOfProject Value="True"/>
        <ComponentName Value="Form1"/>
        <HasResources Value="True"/>
        <ResourceBaseClass Value="Form"/>
        <UnitName Value="Unit1"/>
      </Unit1>
      <Unit2>
        <Filename Value="lib_pro.pas"/>
        <IsPartOfProject Value="True"/>
      </Unit2>
    </Units>
  </ProjectOptions>
  <CompilerOptions>
    <Version Value="11"/>
    <PathDelim Value="\"/>
    <Target>
      <Filename Value="flaz_r"/>
    </Target>
    <SearchPaths>
      <IncludeFiles Value="$(ProjOutDir)"/>
      <UnitOutputDirectory Value="lib\$(TargetCPU)-$(TargetOS)"/>
    </SearchPaths>
    <Linking>
      <Options>
        <Win32>
          <GraphicApplication Value="True"/>
        </Win32>
      </Options>
    </Linking>
  </CompilerOptions>
</CONFIG>
